
Microsoft Visual Studio Solution File, Format Version 12.00
# Visual Studio Version 17
VisualStudioVersion = 17.0.31903.59
MinimumVisualStudioVersion = 10.0.40219.1
Project("{2150E333-8FDC-42A3-9474-1A3956D46DE8}") = "BlazorSignalRApp", "BlazorSignalRApp", "{B432B4A4-11B5-4BFB-8F91-2ADEA9AD3B5B}"
EndProject
Project("{FAE04EC0-301F-11D3-BF4B-00C04F79EFBC}") = "BlazorSignalRApp", "BlazorSignalRApp\BlazorSignalRApp\BlazorSignalRApp.csproj", "{F829299A-CCC9-4AA9-9050-257374C1A47F}"
EndProject
Project("{FAE04EC0-301F-11D3-BF4B-00C04F79EFBC}") = "BlazorSignalRApp.Client", "BlazorSignalRApp\BlazorSignalRApp.Client\BlazorSignalRApp.Client.csproj", "{BC82BBD7-65AE-40E8-8E67-992DD613C129}"
EndProject
Global
	GlobalSection(SolutionConfigurationPlatforms) = preSolution
		Debug|Any CPU = Debug|Any CPU
		Release|Any CPU = Release|Any CPU
	EndGlobalSection
	GlobalSection(SolutionProperties) = preSolution
		HideSolutionNode = FALSE
	EndGlobalSection
	GlobalSection(ProjectConfigurationPlatforms) = postSolution
		{F829299A-CCC9-4AA9-9050-257374C1A47F}.Debug|Any CPU.ActiveCfg = Debug|Any CPU
		{F829299A-CCC9-4AA9-9050-257374C1A47F}.Debug|Any CPU.Build.0 = Debug|Any CPU
		{F829299A-CCC9-4AA9-9050-257374C1A47F}.Release|Any CPU.ActiveCfg = Release|Any CPU
		{F829299A-CCC9-4AA9-9050-257374C1A47F}.Release|Any CPU.Build.0 = Release|Any CPU
		{BC82BBD7-65AE-40E8-8E67-992DD613C129}.Debug|Any CPU.ActiveCfg = Debug|Any CPU
		{BC82BBD7-65AE-40E8-8E67-992DD613C129}.Debug|Any CPU.Build.0 = Debug|Any CPU
		{BC82BBD7-65AE-40E8-8E67-992DD613C129}.Release|Any CPU.ActiveCfg = Release|Any CPU
		{BC82BBD7-65AE-40E8-8E67-992DD613C129}.Release|Any CPU.Build.0 = Release|Any CPU
	EndGlobalSection
	GlobalSection(NestedProjects) = preSolution
		{F829299A-CCC9-4AA9-9050-257374C1A47F} = {B432B4A4-11B5-4BFB-8F91-2ADEA9AD3B5B}
		{BC82BBD7-65AE-40E8-8E67-992DD613C129} = {B432B4A4-11B5-4BFB-8F91-2ADEA9AD3B5B}
	EndGlobalSection
EndGlobal
